PODS:
  - Kingfisher (4.0.1)
  - Swift8ComicSDK (2.0.2)

DEPENDENCIES:
  - Kingfisher
  - Swift8ComicSDK (from `https://github.com/RayTW/Swift8ComicSDK.git`)

EXTERNAL SOURCES:
  Swift8ComicSDK:
    :git: https://github.com/RayTW/Swift8ComicSDK.git

CHECKOUT OPTIONS:
  Swift8ComicSDK:
    :commit: 46c5a431e2c56616d16d6f4be67a84941a47ddf3
    :git: https://github.com/RayTW/Swift8ComicSDK.git

SPEC CHECKSUMS:
  Kingfisher: b771785e9461ed4b8686d40e7145f9e58100cb24
  Swift8ComicSDK: 0f3b3aa6e06f864e6b5743244c466e7d7f8a355b

PODFILE CHECKSUM: fb00d45140fdd1a2717eb5a5b0d2999da482dfcf

COCOAPODS: 1.3.1
