PODS:
  - Kingfisher (8.8.0)
  - SVProgressHUD (2.3.1):
    - SVProgressHUD/Core (= 2.3.1)
  - SVProgressHUD/Core (2.3.1)

DEPENDENCIES:
  - Kingfisher
  - SVProgressHUD

SPEC REPOS:
  trunk:
    - Kingfisher
    - SVProgressHUD

SPEC CHECKSUMS:
  Kingfisher: beeaf65ed57dfa710d416aea4093277e8a9b1968
  SVProgressHUD: 4837c74bdfe2e51e8821c397825996a8d7de6e22

PODFILE CHECKSUM: 82345a61961310b804d779ec1929802ddc2a7381

COCOAPODS: 1.16.2
