PODS:
  - Kingfisher (3.11.0)
  - Swift8ComicSDK (1.1.2)

DEPENDENCIES:
  - Kingfisher
  - Swift8ComicSDK (from `https://github.com/RayTW/Swift8ComicSDK.git`)

EXTERNAL SOURCES:
  Swift8ComicSDK:
    :git: https://github.com/RayTW/Swift8ComicSDK.git

CHECKOUT OPTIONS:
  Swift8ComicSDK:
    :commit: 9889ec7789cf2a7330a228ed4d17f33a6ac3c8a2
    :git: https://github.com/RayTW/Swift8ComicSDK.git

SPEC CHECKSUMS:
  Kingfisher: c8911a7672c6217dec8c0520fb6e76ec4b7e0780
  Swift8ComicSDK: bb5af0f060e6122f90da00f3461198473c35759f

PODFILE CHECKSUM: fb00d45140fdd1a2717eb5a5b0d2999da482dfcf

COCOAPODS: 1.1.0.rc.2
