// !$*UTF8*$!
{
	archiveVersion = 1;
	classes = {
	};
	objectVersion = 46;
	objects = {

/* Begin PBXBuildFile section */
		6012D7EA1F57D16A00F5C688 /* ComicTableViewCell.swift in Sources */ = {isa = PBXBuildFile; fileRef = 6012D7E81F57D16A00F5C688 /* ComicTableViewCell.swift */; };
		6012D7EE1F57DF8000F5C688 /* FavoriteTableViewController.swift in Sources */ = {isa = PBXBuildFile; fileRef = 6012D7ED1F57DF8000F5C688 /* FavoriteTableViewController.swift */; };
		601EEE251F29722300504E29 /* ComicEpisodesViewController.swift in Sources */ = {isa = PBXBuildFile; fileRef = 601EEE241F29722300504E29 /* ComicEpisodesViewController.swift */; };
		6034C2FF1F73456200D2B861 /* FavoriteComics.swift in Sources */ = {isa = PBXBuildFile; fileRef = 60A1B90F1F58E2EB00E41AAB /* FavoriteComics.swift */; };
		6034C3011F73463600D2B861 /* SwiftyPlistManager.swift in Sources */ = {isa = PBXBuildFile; fileRef = 6034C3001F73463600D2B861 /* SwiftyPlistManager.swift */; };
		6034C3031F73479900D2B861 /* MyFavoritesComics.plist in Resources */ = {isa = PBXBuildFile; fileRef = 6034C3021F73479900D2B861 /* MyFavoritesComics.plist */; };
		6056EE1E1F28233F007BBE67 /* AppDelegate.swift in Sources */ = {isa = PBXBuildFile; fileRef = 6056EE1D1F28233F007BBE67 /* AppDelegate.swift */; };
		6056EE201F28233F007BBE67 /* MasterViewController.swift in Sources */ = {isa = PBXBuildFile; fileRef = 6056EE1F1F28233F007BBE67 /* MasterViewController.swift */; };
		6056EE221F28233F007BBE67 /* DetailViewController.swift in Sources */ = {isa = PBXBuildFile; fileRef = 6056EE211F28233F007BBE67 /* DetailViewController.swift */; };
		6056EE251F28233F007BBE67 /* Main.storyboard in Resources */ = {isa = PBXBuildFile; fileRef = 6056EE231F28233F007BBE67 /* Main.storyboard */; };
		6056EE271F28233F007BBE67 /* Assets.xcassets in Resources */ = {isa = PBXBuildFile; fileRef = 6056EE261F28233F007BBE67 /* Assets.xcassets */; };
		6056EE2A1F28233F007BBE67 /* LaunchScreen.storyboard in Resources */ = {isa = PBXBuildFile; fileRef = 6056EE281F28233F007BBE67 /* LaunchScreen.storyboard */; };
		6079D0F61F2B0AE9002E6A3B /* CPImageSlider.swift in Sources */ = {isa = PBXBuildFile; fileRef = 6079D0F11F2B081C002E6A3B /* CPImageSlider.swift */; };
		6079D0F71F2B0AF3002E6A3B /* CPImageSlider.xib in Resources */ = {isa = PBXBuildFile; fileRef = 6079D0F21F2B081C002E6A3B /* CPImageSlider.xib */; };
		6079D0F81F2B0AF8002E6A3B /* cp_next_arrow.png in Resources */ = {isa = PBXBuildFile; fileRef = 6079D0F41F2B081C002E6A3B /* cp_next_arrow.png */; };
		6079D0F91F2B0AFB002E6A3B /* cp_prev_arrow.png in Resources */ = {isa = PBXBuildFile; fileRef = 6079D0F51F2B081C002E6A3B /* cp_prev_arrow.png */; };
		60A1B90D1F58DCEF00E41AAB /* ComicTableViewCell.xib in Resources */ = {isa = PBXBuildFile; fileRef = 60A1B90B1F58DCEF00E41AAB /* ComicTableViewCell.xib */; };
		60A5619B1F82264B004C71C1 /* AppDelegate.swift in Sources */ = {isa = PBXBuildFile; fileRef = 60A5619A1F82264B004C71C1 /* AppDelegate.swift */; };
		60A5619D1F82264B004C71C1 /* ViewController.swift in Sources */ = {isa = PBXBuildFile; fileRef = 60A5619C1F82264B004C71C1 /* ViewController.swift */; };
		60A5619F1F82264B004C71C1 /* Assets.xcassets in Resources */ = {isa = PBXBuildFile; fileRef = 60A5619E1F82264B004C71C1 /* Assets.xcassets */; };
		60A561A21F82264B004C71C1 /* Main.storyboard in Resources */ = {isa = PBXBuildFile; fileRef = 60A561A01F82264B004C71C1 /* Main.storyboard */; };
		60AA01002106D73B0093780B /* AllComics.plist in Resources */ = {isa = PBXBuildFile; fileRef = 60AA00FF2106D73B0093780B /* AllComics.plist */; };
		60EA2F931F2AC91500928D95 /* EpisodeDetailViewController.swift in Sources */ = {isa = PBXBuildFile; fileRef = 60EA2F921F2AC91500928D95 /* EpisodeDetailViewController.swift */; };
		71BB3F491F2DBAF000EBED7D /* WLComics.swift in Sources */ = {isa = PBXBuildFile; fileRef = 71BB3F481F2DBAF000EBED7D /* WLComics.swift */; };
		91F4A9BD675ADAE8FF41F5A9 /* Pods_WLComics.framework in Frameworks */ = {isa = PBXBuildFile; fileRef = 7B1ABE3475CCA9F1B69CF164 /* Pods_WLComics.framework */; };
/* End PBXBuildFile section */

/* Begin PBXFileReference section */
		0FBD39A1BC78904AFAA8197C /* Pods-WLComics.release.xcconfig */ = {isa = PBXFileReference; includeInIndex = 1; lastKnownFileType = text.xcconfig; name = "Pods-WLComics.release.xcconfig"; path = "Pods/Target Support Files/Pods-WLComics/Pods-WLComics.release.xcconfig"; sourceTree = "<group>"; };
		6012D7E81F57D16A00F5C688 /* ComicTableViewCell.swift */ = {isa = PBXFileReference; lastKnownFileType = sourcecode.swift; path = ComicTableViewCell.swift; sourceTree = "<group>"; };
		6012D7ED1F57DF8000F5C688 /* FavoriteTableViewController.swift */ = {isa = PBXFileReference; lastKnownFileType = sourcecode.swift; path = FavoriteTableViewController.swift; sourceTree = "<group>"; };
		6012D8161F57FE7800F5C688 /* Search Result.PNG */ = {isa = PBXFileReference; lastKnownFileType = image.png; path = "Search Result.PNG"; sourceTree = "<group>"; };
		6012D8171F57FE7800F5C688 /* Comics.PNG */ = {isa = PBXFileReference; lastKnownFileType = image.png; path = Comics.PNG; sourceTree = "<group>"; };
		6012D8181F57FE7900F5C688 /* List.PNG */ = {isa = PBXFileReference; lastKnownFileType = image.png; path = List.PNG; sourceTree = "<group>"; };
		6012D8191F57FE7900F5C688 /* Full.PNG */ = {isa = PBXFileReference; lastKnownFileType = image.png; path = Full.PNG; sourceTree = "<group>"; };
		6012D81A1F57FE7900F5C688 /* Rotate.PNG */ = {isa = PBXFileReference; lastKnownFileType = image.png; path = Rotate.PNG; sourceTree = "<group>"; };
		6012D81B1F57FE7900F5C688 /* Preview.PNG */ = {isa = PBXFileReference; lastKnownFileType = image.png; path = Preview.PNG; sourceTree = "<group>"; };
		6012D81C1F5802EB00F5C688 /* Cache.PNG */ = {isa = PBXFileReference; lastKnownFileType = image.png; path = Cache.PNG; sourceTree = "<group>"; };
		601EEE241F29722300504E29 /* ComicEpisodesViewController.swift */ = {isa = PBXFileReference; lastKnownFileType = sourcecode.swift; path = ComicEpisodesViewController.swift; sourceTree = "<group>"; };
		6034C3001F73463600D2B861 /* SwiftyPlistManager.swift */ = {isa = PBXFileReference; lastKnownFileType = sourcecode.swift; path = SwiftyPlistManager.swift; sourceTree = "<group>"; };
		6034C3021F73479900D2B861 /* MyFavoritesComics.plist */ = {isa = PBXFileReference; lastKnownFileType = text.plist.xml; path = MyFavoritesComics.plist; sourceTree = "<group>"; };
		6056EE1A1F28233F007BBE67 /* 看漫畫.app */ = {isa = PBXFileReference; explicitFileType = wrapper.application; includeInIndex = 0; path = "看漫畫.app"; sourceTree = BUILT_PRODUCTS_DIR; };
		6056EE1D1F28233F007BBE67 /* AppDelegate.swift */ = {isa = PBXFileReference; lastKnownFileType = sourcecode.swift; path = AppDelegate.swift; sourceTree = "<group>"; };
		6056EE1F1F28233F007BBE67 /* MasterViewController.swift */ = {isa = PBXFileReference; lastKnownFileType = sourcecode.swift; path = MasterViewController.swift; sourceTree = "<group>"; };
		6056EE211F28233F007BBE67 /* DetailViewController.swift */ = {isa = PBXFileReference; lastKnownFileType = sourcecode.swift; path = DetailViewController.swift; sourceTree = "<group>"; };
		6056EE241F28233F007BBE67 /* Base */ = {isa = PBXFileReference; lastKnownFileType = file.storyboard; name = Base; path = Base.lproj/Main.storyboard; sourceTree = "<group>"; };
		6056EE261F28233F007BBE67 /* Assets.xcassets */ = {isa = PBXFileReference; lastKnownFileType = folder.assetcatalog; path = Assets.xcassets; sourceTree = "<group>"; };
		6056EE291F28233F007BBE67 /* Base */ = {isa = PBXFileReference; lastKnownFileType = file.storyboard; name = Base; path = Base.lproj/LaunchScreen.storyboard; sourceTree = "<group>"; };
		6056EE2B1F28233F007BBE67 /* Info.plist */ = {isa = PBXFileReference; lastKnownFileType = text.plist.xml; path = Info.plist; sourceTree = "<group>"; };
		6079D0F11F2B081C002E6A3B /* CPImageSlider.swift */ = {isa = PBXFileReference; lastKnownFileType = sourcecode.swift; path = CPImageSlider.swift; sourceTree = "<group>"; };
		6079D0F21F2B081C002E6A3B /* CPImageSlider.xib */ = {isa = PBXFileReference; lastKnownFileType = file.xib; path = CPImageSlider.xib; sourceTree = "<group>"; };
		6079D0F41F2B081C002E6A3B /* cp_next_arrow.png */ = {isa = PBXFileReference; lastKnownFileType = image.png; path = cp_next_arrow.png; sourceTree = "<group>"; };
		6079D0F51F2B081C002E6A3B /* cp_prev_arrow.png */ = {isa = PBXFileReference; lastKnownFileType = image.png; path = cp_prev_arrow.png; sourceTree = "<group>"; };
		60A1B90B1F58DCEF00E41AAB /* ComicTableViewCell.xib */ = {isa = PBXFileReference; fileEncoding = 4; lastKnownFileType = file.xib; path = ComicTableViewCell.xib; sourceTree = "<group>"; };
		60A1B90F1F58E2EB00E41AAB /* FavoriteComics.swift */ = {isa = PBXFileReference; fileEncoding = 4; lastKnownFileType = sourcecode.swift; path = FavoriteComics.swift; sourceTree = "<group>"; };
		60A561981F82264B004C71C1 /* WLMacComic.app */ = {isa = PBXFileReference; explicitFileType = wrapper.application; includeInIndex = 0; path = WLMacComic.app; sourceTree = BUILT_PRODUCTS_DIR; };
		60A5619A1F82264B004C71C1 /* AppDelegate.swift */ = {isa = PBXFileReference; lastKnownFileType = sourcecode.swift; path = AppDelegate.swift; sourceTree = "<group>"; };
		60A5619C1F82264B004C71C1 /* ViewController.swift */ = {isa = PBXFileReference; lastKnownFileType = sourcecode.swift; path = ViewController.swift; sourceTree = "<group>"; };
		60A5619E1F82264B004C71C1 /* Assets.xcassets */ = {isa = PBXFileReference; lastKnownFileType = folder.assetcatalog; path = Assets.xcassets; sourceTree = "<group>"; };
		60A561A11F82264B004C71C1 /* Base */ = {isa = PBXFileReference; lastKnownFileType = file.storyboard; name = Base; path = Base.lproj/Main.storyboard; sourceTree = "<group>"; };
		60A561A31F82264B004C71C1 /* Info.plist */ = {isa = PBXFileReference; lastKnownFileType = text.plist.xml; path = Info.plist; sourceTree = "<group>"; };
		60A561A41F82264B004C71C1 /* WLMacComic.entitlements */ = {isa = PBXFileReference; lastKnownFileType = text.plist.entitlements; path = WLMacComic.entitlements; sourceTree = "<group>"; };
		60AA00FF2106D73B0093780B /* AllComics.plist */ = {isa = PBXFileReference; lastKnownFileType = text.plist.xml; path = AllComics.plist; sourceTree = "<group>"; };
		60EA2F921F2AC91500928D95 /* EpisodeDetailViewController.swift */ = {isa = PBXFileReference; lastKnownFileType = sourcecode.swift; path = EpisodeDetailViewController.swift; sourceTree = "<group>"; };
		71BB3F481F2DBAF000EBED7D /* WLComics.swift */ = {isa = PBXFileReference; fileEncoding = 4; lastKnownFileType = sourcecode.swift; path = WLComics.swift; sourceTree = "<group>"; };
		7B1ABE3475CCA9F1B69CF164 /* Pods_WLComics.framework */ = {isa = PBXFileReference; explicitFileType = wrapper.framework; includeInIndex = 0; path = Pods_WLComics.framework; sourceTree = BUILT_PRODUCTS_DIR; };
		EBCC57C77576999D43679021 /* Pods-WLComics.debug.xcconfig */ = {isa = PBXFileReference; includeInIndex = 1; lastKnownFileType = text.xcconfig; name = "Pods-WLComics.debug.xcconfig"; path = "Pods/Target Support Files/Pods-WLComics/Pods-WLComics.debug.xcconfig"; sourceTree = "<group>"; };
/* End PBXFileReference section */

/* Begin PBXFrameworksBuildPhase section */
		6056EE171F28233F007BBE67 /* Frameworks */ = {
			isa = PBXFrameworksBuildPhase;
			buildActionMask = 2147483647;
			files = (
				91F4A9BD675ADAE8FF41F5A9 /* Pods_WLComics.framework in Frameworks */,
			);
			runOnlyForDeploymentPostprocessing = 0;
		};
		60A561951F82264B004C71C1 /* Frameworks */ = {
			isa = PBXFrameworksBuildPhase;
			buildActionMask = 2147483647;
			files = (
			);
			runOnlyForDeploymentPostprocessing = 0;
		};
/* End PBXFrameworksBuildPhase section */

/* Begin PBXGroup section */
		3526AE096006480C1DF0ADAF /* Pods */ = {
			isa = PBXGroup;
			children = (
				EBCC57C77576999D43679021 /* Pods-WLComics.debug.xcconfig */,
				0FBD39A1BC78904AFAA8197C /* Pods-WLComics.release.xcconfig */,
			);
			name = Pods;
			sourceTree = "<group>";
		};
		6012D7EC1F57D16D00F5C688 /* Custom Comic Cell */ = {
			isa = PBXGroup;
			children = (
				6012D7E81F57D16A00F5C688 /* ComicTableViewCell.swift */,
				60A1B90B1F58DCEF00E41AAB /* ComicTableViewCell.xib */,
			);
			path = "Custom Comic Cell";
			sourceTree = "<group>";
		};
		6012D7EF1F57E24400F5C688 /* Left View Controllers */ = {
			isa = PBXGroup;
			children = (
				6056EE1F1F28233F007BBE67 /* MasterViewController.swift */,
				601EEE241F29722300504E29 /* ComicEpisodesViewController.swift */,
				60EA2F921F2AC91500928D95 /* EpisodeDetailViewController.swift */,
				6012D7ED1F57DF8000F5C688 /* FavoriteTableViewController.swift */,
			);
			path = "Left View Controllers";
			sourceTree = "<group>";
		};
		6012D7F01F57E24F00F5C688 /* Right View Controllers */ = {
			isa = PBXGroup;
			children = (
				6056EE211F28233F007BBE67 /* DetailViewController.swift */,
			);
			path = "Right View Controllers";
			sourceTree = "<group>";
		};
		6012D8151F57FE5F00F5C688 /* App Preview */ = {
			isa = PBXGroup;
			children = (
				6012D81C1F5802EB00F5C688 /* Cache.PNG */,
				6012D8171F57FE7800F5C688 /* Comics.PNG */,
				6012D8191F57FE7900F5C688 /* Full.PNG */,
				6012D8181F57FE7900F5C688 /* List.PNG */,
				6012D81B1F57FE7900F5C688 /* Preview.PNG */,
				6012D81A1F57FE7900F5C688 /* Rotate.PNG */,
				6012D8161F57FE7800F5C688 /* Search Result.PNG */,
			);
			name = "App Preview";
			path = "WLComics/App Preview";
			sourceTree = "<group>";
		};
		601EEE231F2971BC00504E29 /* View Controllers */ = {
			isa = PBXGroup;
			children = (
				6012D7EF1F57E24400F5C688 /* Left View Controllers */,
				6012D7F01F57E24F00F5C688 /* Right View Controllers */,
				6012D7EC1F57D16D00F5C688 /* Custom Comic Cell */,
			);
			path = "View Controllers";
			sourceTree = "<group>";
		};
		6056EE111F28233F007BBE67 = {
			isa = PBXGroup;
			children = (
				6056EE1C1F28233F007BBE67 /* WLComics */,
				60A561991F82264B004C71C1 /* WLMacComic */,
				6056EE1B1F28233F007BBE67 /* Products */,
				3526AE096006480C1DF0ADAF /* Pods */,
				E63344A200A32F08202A6A7C /* Frameworks */,
				6012D8151F57FE5F00F5C688 /* App Preview */,
			);
			sourceTree = "<group>";
		};
		6056EE1B1F28233F007BBE67 /* Products */ = {
			isa = PBXGroup;
			children = (
				6056EE1A1F28233F007BBE67 /* 看漫畫.app */,
				60A561981F82264B004C71C1 /* WLMacComic.app */,
			);
			name = Products;
			sourceTree = "<group>";
		};
		6056EE1C1F28233F007BBE67 /* WLComics */ = {
			isa = PBXGroup;
			children = (
				60A1B90E1F58E2B600E41AAB /* Favorite Model */,
				6079D0EF1F2B06FD002E6A3B /* 3rd Image Slider */,
				601EEE231F2971BC00504E29 /* View Controllers */,
				6056EE1D1F28233F007BBE67 /* AppDelegate.swift */,
				6056EE231F28233F007BBE67 /* Main.storyboard */,
				6056EE261F28233F007BBE67 /* Assets.xcassets */,
				6056EE281F28233F007BBE67 /* LaunchScreen.storyboard */,
				6056EE2B1F28233F007BBE67 /* Info.plist */,
				71BB3F481F2DBAF000EBED7D /* WLComics.swift */,
				60AA00FF2106D73B0093780B /* AllComics.plist */,
				6034C3021F73479900D2B861 /* MyFavoritesComics.plist */,
			);
			path = WLComics;
			sourceTree = "<group>";
		};
		6079D0EF1F2B06FD002E6A3B /* 3rd Image Slider */ = {
			isa = PBXGroup;
			children = (
				6079D0F01F2B081C002E6A3B /* CPImageSlider */,
			);
			path = "3rd Image Slider";
			sourceTree = "<group>";
		};
		6079D0F01F2B081C002E6A3B /* CPImageSlider */ = {
			isa = PBXGroup;
			children = (
				6079D0F11F2B081C002E6A3B /* CPImageSlider.swift */,
				6079D0F21F2B081C002E6A3B /* CPImageSlider.xib */,
				6079D0F31F2B081C002E6A3B /* Resources */,
			);
			path = CPImageSlider;
			sourceTree = "<group>";
		};
		6079D0F31F2B081C002E6A3B /* Resources */ = {
			isa = PBXGroup;
			children = (
				6079D0F41F2B081C002E6A3B /* cp_next_arrow.png */,
				6079D0F51F2B081C002E6A3B /* cp_prev_arrow.png */,
			);
			path = Resources;
			sourceTree = "<group>";
		};
		60A1B90E1F58E2B600E41AAB /* Favorite Model */ = {
			isa = PBXGroup;
			children = (
				60A1B90F1F58E2EB00E41AAB /* FavoriteComics.swift */,
				6034C3001F73463600D2B861 /* SwiftyPlistManager.swift */,
			);
			name = "Favorite Model";
			sourceTree = "<group>";
		};
		60A561991F82264B004C71C1 /* WLMacComic */ = {
			isa = PBXGroup;
			children = (
				60A5619A1F82264B004C71C1 /* AppDelegate.swift */,
				60A5619C1F82264B004C71C1 /* ViewController.swift */,
				60A5619E1F82264B004C71C1 /* Assets.xcassets */,
				60A561A01F82264B004C71C1 /* Main.storyboard */,
				60A561A31F82264B004C71C1 /* Info.plist */,
				60A561A41F82264B004C71C1 /* WLMacComic.entitlements */,
			);
			path = WLMacComic;
			sourceTree = "<group>";
		};
		E63344A200A32F08202A6A7C /* Frameworks */ = {
			isa = PBXGroup;
			children = (
				7B1ABE3475CCA9F1B69CF164 /* Pods_WLComics.framework */,
			);
			name = Frameworks;
			sourceTree = "<group>";
		};
/* End PBXGroup section */

/* Begin PBXNativeTarget section */
		6056EE191F28233F007BBE67 /* WLComics */ = {
			isa = PBXNativeTarget;
			buildConfigurationList = 6056EE2E1F28233F007BBE67 /* Build configuration list for PBXNativeTarget "WLComics" */;
			buildPhases = (
				E5019BE780296B63622675AE /* [CP] Check Pods Manifest.lock */,
				6056EE161F28233F007BBE67 /* Sources */,
				6056EE171F28233F007BBE67 /* Frameworks */,
				6056EE181F28233F007BBE67 /* Resources */,
				7CA6D2859019703195AABF8D /* [CP] Embed Pods Frameworks */,
			);
			buildRules = (
			);
			dependencies = (
			);
			name = WLComics;
			productName = WLComics;
			productReference = 6056EE1A1F28233F007BBE67 /* 看漫畫.app */;
			productType = "com.apple.product-type.application";
		};
		60A561971F82264B004C71C1 /* WLMacComic */ = {
			isa = PBXNativeTarget;
			buildConfigurationList = 60A561A51F82264B004C71C1 /* Build configuration list for PBXNativeTarget "WLMacComic" */;
			buildPhases = (
				60A561941F82264B004C71C1 /* Sources */,
				60A561951F82264B004C71C1 /* Frameworks */,
				60A561961F82264B004C71C1 /* Resources */,
			);
			buildRules = (
			);
			dependencies = (
			);
			name = WLMacComic;
			productName = WLMacComic;
			productReference = 60A561981F82264B004C71C1 /* WLMacComic.app */;
			productType = "com.apple.product-type.application";
		};
/* End PBXNativeTarget section */

/* Begin PBXProject section */
		6056EE121F28233F007BBE67 /* Project object */ = {
			isa = PBXProject;
			attributes = {
				LastSwiftUpdateCheck = 0900;
				LastUpgradeCheck = 0830;
				ORGANIZATIONNAME = webberlai;
				TargetAttributes = {
					6056EE191F28233F007BBE67 = {
						CreatedOnToolsVersion = 8.3.3;
						ProvisioningStyle = Automatic;
					};
					60A561971F82264B004C71C1 = {
						CreatedOnToolsVersion = 9.0;
						ProvisioningStyle = Automatic;
					};
				};
			};
			buildConfigurationList = 6056EE151F28233F007BBE67 /* Build configuration list for PBXProject "WLComics" */;
			compatibilityVersion = "Xcode 3.2";
			developmentRegion = English;
			hasScannedForEncodings = 0;
			knownRegions = (
				en,
				Base,
			);
			mainGroup = 6056EE111F28233F007BBE67;
			productRefGroup = 6056EE1B1F28233F007BBE67 /* Products */;
			projectDirPath = "";
			projectRoot = "";
			targets = (
				6056EE191F28233F007BBE67 /* WLComics */,
				60A561971F82264B004C71C1 /* WLMacComic */,
			);
		};
/* End PBXProject section */

/* Begin PBXResourcesBuildPhase section */
		6056EE181F28233F007BBE67 /* Resources */ = {
			isa = PBXResourcesBuildPhase;
			buildActionMask = 2147483647;
			files = (
				6034C3031F73479900D2B861 /* MyFavoritesComics.plist in Resources */,
				6056EE2A1F28233F007BBE67 /* LaunchScreen.storyboard in Resources */,
				6056EE271F28233F007BBE67 /* Assets.xcassets in Resources */,
				60A1B90D1F58DCEF00E41AAB /* ComicTableViewCell.xib in Resources */,
				6056EE251F28233F007BBE67 /* Main.storyboard in Resources */,
				6079D0F91F2B0AFB002E6A3B /* cp_prev_arrow.png in Resources */,
				6079D0F71F2B0AF3002E6A3B /* CPImageSlider.xib in Resources */,
				6079D0F81F2B0AF8002E6A3B /* cp_next_arrow.png in Resources */,
				60AA01002106D73B0093780B /* AllComics.plist in Resources */,
			);
			runOnlyForDeploymentPostprocessing = 0;
		};
		60A561961F82264B004C71C1 /* Resources */ = {
			isa = PBXResourcesBuildPhase;
			buildActionMask = 2147483647;
			files = (
				60A5619F1F82264B004C71C1 /* Assets.xcassets in Resources */,
				60A561A21F82264B004C71C1 /* Main.storyboard in Resources */,
			);
			runOnlyForDeploymentPostprocessing = 0;
		};
/* End PBXResourcesBuildPhase section */

/* Begin PBXShellScriptBuildPhase section */
		7CA6D2859019703195AABF8D /* [CP] Embed Pods Frameworks */ = {
			isa = PBXShellScriptBuildPhase;
			buildActionMask = 2147483647;
			files = (
			);
			inputPaths = (
				"${SRCROOT}/Pods/Target Support Files/Pods-WLComics/Pods-WLComics-frameworks.sh",
				"${BUILT_PRODUCTS_DIR}/Alamofire/Alamofire.framework",
				"${BUILT_PRODUCTS_DIR}/HUD/HUD.framework",
				"${BUILT_PRODUCTS_DIR}/Kingfisher/Kingfisher.framework",
				"${BUILT_PRODUCTS_DIR}/Swift8ComicSDK/Swift8ComicSDK.framework",
				"${BUILT_PRODUCTS_DIR}/SwiftyDropbox/SwiftyDropbox.framework",
			);
			name = "[CP] Embed Pods Frameworks";
			outputPaths = (
				"${TARGET_BUILD_DIR}/${FRAMEWORKS_FOLDER_PATH}/Alamofire.framework",
				"${TARGET_BUILD_DIR}/${FRAMEWORKS_FOLDER_PATH}/HUD.framework",
				"${TARGET_BUILD_DIR}/${FRAMEWORKS_FOLDER_PATH}/Kingfisher.framework",
				"${TARGET_BUILD_DIR}/${FRAMEWORKS_FOLDER_PATH}/Swift8ComicSDK.framework",
				"${TARGET_BUILD_DIR}/${FRAMEWORKS_FOLDER_PATH}/SwiftyDropbox.framework",
			);
			runOnlyForDeploymentPostprocessing = 0;
			shellPath = /bin/sh;
			shellScript = "\"${SRCROOT}/Pods/Target Support Files/Pods-WLComics/Pods-WLComics-frameworks.sh\"\n";
			showEnvVarsInLog = 0;
		};
		E5019BE780296B63622675AE /* [CP] Check Pods Manifest.lock */ = {
			isa = PBXShellScriptBuildPhase;
			buildActionMask = 2147483647;
			files = (
			);
			inputPaths = (
				"${PODS_PODFILE_DIR_PATH}/Podfile.lock",
				"${PODS_ROOT}/Manifest.lock",
			);
			name = "[CP] Check Pods Manifest.lock";
			outputPaths = (
				"$(DERIVED_FILE_DIR)/Pods-WLComics-checkManifestLockResult.txt",
			);
			runOnlyForDeploymentPostprocessing = 0;
			shellPath = /bin/sh;
			shellScript = "diff \"${PODS_PODFILE_DIR_PATH}/Podfile.lock\" \"${PODS_ROOT}/Manifest.lock\" > /dev/null\nif [ $? != 0 ] ; then\n    # print error to STDERR\n    echo \"error: The sandbox is not in sync with the Podfile.lock. Run 'pod install' or update your CocoaPods installation.\" >&2\n    exit 1\nfi\n# This output is used by Xcode 'outputs' to avoid re-running this script phase.\necho \"SUCCESS\" > \"${SCRIPT_OUTPUT_FILE_0}\"\n";
			showEnvVarsInLog = 0;
		};
/* End PBXShellScriptBuildPhase section */

/* Begin PBXSourcesBuildPhase section */
		6056EE161F28233F007BBE67 /* Sources */ = {
			isa = PBXSourcesBuildPhase;
			buildActionMask = 2147483647;
			files = (
				6034C3011F73463600D2B861 /* SwiftyPlistManager.swift in Sources */,
				6034C2FF1F73456200D2B861 /* FavoriteComics.swift in Sources */,
				60EA2F931F2AC91500928D95 /* EpisodeDetailViewController.swift in Sources */,
				6012D7EA1F57D16A00F5C688 /* ComicTableViewCell.swift in Sources */,
				6012D7EE1F57DF8000F5C688 /* FavoriteTableViewController.swift in Sources */,
				6056EE221F28233F007BBE67 /* DetailViewController.swift in Sources */,
				6056EE201F28233F007BBE67 /* MasterViewController.swift in Sources */,
				71BB3F491F2DBAF000EBED7D /* WLComics.swift in Sources */,
				601EEE251F29722300504E29 /* ComicEpisodesViewController.swift in Sources */,
				6056EE1E1F28233F007BBE67 /* AppDelegate.swift in Sources */,
				6079D0F61F2B0AE9002E6A3B /* CPImageSlider.swift in Sources */,
			);
			runOnlyForDeploymentPostprocessing = 0;
		};
		60A561941F82264B004C71C1 /* Sources */ = {
			isa = PBXSourcesBuildPhase;
			buildActionMask = 2147483647;
			files = (
				60A5619D1F82264B004C71C1 /* ViewController.swift in Sources */,
				60A5619B1F82264B004C71C1 /* AppDelegate.swift in Sources */,
			);
			runOnlyForDeploymentPostprocessing = 0;
		};
/* End PBXSourcesBuildPhase section */

/* Begin PBXVariantGroup section */
		6056EE231F28233F007BBE67 /* Main.storyboard */ = {
			isa = PBXVariantGroup;
			children = (
				6056EE241F28233F007BBE67 /* Base */,
			);
			name = Main.storyboard;
			sourceTree = "<group>";
		};
		6056EE281F28233F007BBE67 /* LaunchScreen.storyboard */ = {
			isa = PBXVariantGroup;
			children = (
				6056EE291F28233F007BBE67 /* Base */,
			);
			name = LaunchScreen.storyboard;
			sourceTree = "<group>";
		};
		60A561A01F82264B004C71C1 /* Main.storyboard */ = {
			isa = PBXVariantGroup;
			children = (
				60A561A11F82264B004C71C1 /* Base */,
			);
			name = Main.storyboard;
			sourceTree = "<group>";
		};
/* End PBXVariantGroup section */

/* Begin XCBuildConfiguration section */
		6056EE2C1F28233F007BBE67 /* Debug */ = {
			isa = XCBuildConfiguration;
			buildSettings = {
				ALWAYS_SEARCH_USER_PATHS = NO;
				CLANG_ANALYZER_NONNULL = YES;
				CLANG_ANALYZER_NUMBER_OBJECT_CONVERSION = YES_AGGRESSIVE;
				CLANG_CXX_LANGUAGE_STANDARD = "gnu++0x";
				CLANG_CXX_LIBRARY = "libc++";
				CLANG_ENABLE_MODULES = YES;
				CLANG_ENABLE_OBJC_ARC = YES;
				CLANG_WARN_BOOL_CONVERSION = YES;
				CLANG_WARN_CONSTANT_CONVERSION = YES;
				CLANG_WARN_DIRECT_OBJC_ISA_USAGE = YES_ERROR;
				CLANG_WARN_DOCUMENTATION_COMMENTS = YES;
				CLANG_WARN_EMPTY_BODY = YES;
				CLANG_WARN_ENUM_CONVERSION = YES;
				CLANG_WARN_INFINITE_RECURSION = YES;
				CLANG_WARN_INT_CONVERSION = YES;
				CLANG_WARN_OBJC_ROOT_CLASS = YES_ERROR;
				CLANG_WARN_SUSPICIOUS_MOVE = YES;
				CLANG_WARN_UNREACHABLE_CODE = YES;
				CLANG_WARN__DUPLICATE_METHOD_MATCH = YES;
				"CODE_SIGN_IDENTITY[sdk=iphoneos*]" = "iPhone Developer";
				COPY_PHASE_STRIP = NO;
				DEBUG_INFORMATION_FORMAT = dwarf;
				ENABLE_STRICT_OBJC_MSGSEND = YES;
				ENABLE_TESTABILITY = YES;
				GCC_C_LANGUAGE_STANDARD = gnu99;
				GCC_DYNAMIC_NO_PIC = NO;
				GCC_NO_COMMON_BLOCKS = YES;
				GCC_OPTIMIZATION_LEVEL = 0;
				GCC_PREPROCESSOR_DEFINITIONS = (
					"DEBUG=1",
					"$(inherited)",
				);
				GCC_WARN_64_TO_32_BIT_CONVERSION = YES;
				GCC_WARN_ABOUT_RETURN_TYPE = YES_ERROR;
				GCC_WARN_UNDECLARED_SELECTOR = YES;
				GCC_WARN_UNINITIALIZED_AUTOS = YES_AGGRESSIVE;
				GCC_WARN_UNUSED_FUNCTION = YES;
				GCC_WARN_UNUSED_VARIABLE = YES;
				IPHONEOS_DEPLOYMENT_TARGET = 10.3;
				MTL_ENABLE_DEBUG_INFO = YES;
				ONLY_ACTIVE_ARCH = YES;
				SDKROOT = iphoneos;
				SWIFT_ACTIVE_COMPILATION_CONDITIONS = DEBUG;
				SWIFT_OPTIMIZATION_LEVEL = "-Onone";
				TARGETED_DEVICE_FAMILY = "1,2";
			};
			name = Debug;
		};
		6056EE2D1F28233F007BBE67 /* Release */ = {
			isa = XCBuildConfiguration;
			buildSettings = {
				ALWAYS_SEARCH_USER_PATHS = NO;
				CLANG_ANALYZER_NONNULL = YES;
				CLANG_ANALYZER_NUMBER_OBJECT_CONVERSION = YES_AGGRESSIVE;
				CLANG_CXX_LANGUAGE_STANDARD = "gnu++0x";
				CLANG_CXX_LIBRARY = "libc++";
				CLANG_ENABLE_MODULES = YES;
				CLANG_ENABLE_OBJC_ARC = YES;
				CLANG_WARN_BOOL_CONVERSION = YES;
				CLANG_WARN_CONSTANT_CONVERSION = YES;
				CLANG_WARN_DIRECT_OBJC_ISA_USAGE = YES_ERROR;
				CLANG_WARN_DOCUMENTATION_COMMENTS = YES;
				CLANG_WARN_EMPTY_BODY = YES;
				CLANG_WARN_ENUM_CONVERSION = YES;
				CLANG_WARN_INFINITE_RECURSION = YES;
				CLANG_WARN_INT_CONVERSION = YES;
				CLANG_WARN_OBJC_ROOT_CLASS = YES_ERROR;
				CLANG_WARN_SUSPICIOUS_MOVE = YES;
				CLANG_WARN_UNREACHABLE_CODE = YES;
				CLANG_WARN__DUPLICATE_METHOD_MATCH = YES;
				"CODE_SIGN_IDENTITY[sdk=iphoneos*]" = "iPhone Developer";
				COPY_PHASE_STRIP = NO;
				DEBUG_INFORMATION_FORMAT = "dwarf-with-dsym";
				ENABLE_NS_ASSERTIONS = NO;
				ENABLE_STRICT_OBJC_MSGSEND = YES;
				GCC_C_LANGUAGE_STANDARD = gnu99;
				GCC_NO_COMMON_BLOCKS = YES;
				GCC_WARN_64_TO_32_BIT_CONVERSION = YES;
				GCC_WARN_ABOUT_RETURN_TYPE = YES_ERROR;
				GCC_WARN_UNDECLARED_SELECTOR = YES;
				GCC_WARN_UNINITIALIZED_AUTOS = YES_AGGRESSIVE;
				GCC_WARN_UNUSED_FUNCTION = YES;
				GCC_WARN_UNUSED_VARIABLE = YES;
				IPHONEOS_DEPLOYMENT_TARGET = 10.3;
				MTL_ENABLE_DEBUG_INFO = NO;
				SDKROOT = iphoneos;
				SWIFT_OPTIMIZATION_LEVEL = "-Owholemodule";
				TARGETED_DEVICE_FAMILY = "1,2";
				VALIDATE_PRODUCT = YES;
			};
			name = Release;
		};
		6056EE2F1F28233F007BBE67 /* Debug */ = {
			isa = XCBuildConfiguration;
			baseConfigurationReference = EBCC57C77576999D43679021 /* Pods-WLComics.debug.xcconfig */;
			buildSettings = {
				ASSETCATALOG_COMPILER_APPICON_NAME = AppIcon;
				CODE_SIGN_IDENTITY = "iPhone Developer";
				"CODE_SIGN_IDENTITY[sdk=iphoneos*]" = "iPhone Developer";
				CODE_SIGN_STYLE = Automatic;
				DEVELOPMENT_TEAM = "";
				INFOPLIST_FILE = WLComics/Info.plist;
				IPHONEOS_DEPLOYMENT_TARGET = 9.0;
				LD_RUNPATH_SEARCH_PATHS = "$(inherited) @executable_path/Frameworks";
				PRODUCT_BUNDLE_IDENTIFIER = com.webberlai.WLComics;
				PRODUCT_NAME = "看漫畫";
				PROVISIONING_PROFILE = "";
				PROVISIONING_PROFILE_SPECIFIER = "";
				SWIFT_VERSION = 4.0;
			};
			name = Debug;
		};
		6056EE301F28233F007BBE67 /* Release */ = {
			isa = XCBuildConfiguration;
			baseConfigurationReference = 0FBD39A1BC78904AFAA8197C /* Pods-WLComics.release.xcconfig */;
			buildSettings = {
				ASSETCATALOG_COMPILER_APPICON_NAME = AppIcon;
				CODE_SIGN_IDENTITY = "iPhone Distribution: Webber Lai (7T4QCGLNFF)";
				"CODE_SIGN_IDENTITY[sdk=iphoneos*]" = "iPhone Distribution: Webber Lai (7T4QCGLNFF)";
				CODE_SIGN_STYLE = Automatic;
				DEVELOPMENT_TEAM = "";
				INFOPLIST_FILE = WLComics/Info.plist;
				IPHONEOS_DEPLOYMENT_TARGET = 9.0;
				LD_RUNPATH_SEARCH_PATHS = "$(inherited) @executable_path/Frameworks";
				PRODUCT_BUNDLE_IDENTIFIER = com.webberlai.WLComics;
				PRODUCT_NAME = "看漫畫";
				PROVISIONING_PROFILE = "";
				PROVISIONING_PROFILE_SPECIFIER = "";
				SWIFT_VERSION = 4.0;
			};
			name = Release;
		};
		60A561A61F82264B004C71C1 /* Debug */ = {
			isa = XCBuildConfiguration;
			buildSettings = {
				ASSETCATALOG_COMPILER_APPICON_NAME = AppIcon;
				CLANG_CXX_LANGUAGE_STANDARD = "gnu++14";
				CLANG_WARN_BLOCK_CAPTURE_AUTORELEASING = YES;
				CLANG_WARN_COMMA = YES;
				CLANG_WARN_NON_LITERAL_NULL_CONVERSION = YES;
				CLANG_WARN_OBJC_LITERAL_CONVERSION = YES;
				CLANG_WARN_RANGE_LOOP_ANALYSIS = YES;
				CLANG_WARN_STRICT_PROTOTYPES = YES;
				CLANG_WARN_UNGUARDED_AVAILABILITY = YES_AGGRESSIVE;
				CODE_SIGN_ENTITLEMENTS = WLMacComic/WLMacComic.entitlements;
				CODE_SIGN_IDENTITY = "-";
				CODE_SIGN_STYLE = Automatic;
				COMBINE_HIDPI_IMAGES = YES;
				DEVELOPMENT_TEAM = "";
				GCC_C_LANGUAGE_STANDARD = gnu11;
				INFOPLIST_FILE = WLMacComic/Info.plist;
				LD_RUNPATH_SEARCH_PATHS = "$(inherited) @executable_path/../Frameworks";
				MACOSX_DEPLOYMENT_TARGET = 10.12;
				PRODUCT_BUNDLE_IDENTIFIER = com.webberlai.WLMacComic;
				PRODUCT_NAME = "$(TARGET_NAME)";
				SDKROOT = macosx;
				SWIFT_VERSION = 4.0;
			};
			name = Debug;
		};
		60A561A71F82264B004C71C1 /* Release */ = {
			isa = XCBuildConfiguration;
			buildSettings = {
				ASSETCATALOG_COMPILER_APPICON_NAME = AppIcon;
				CLANG_CXX_LANGUAGE_STANDARD = "gnu++14";
				CLANG_WARN_BLOCK_CAPTURE_AUTORELEASING = YES;
				CLANG_WARN_COMMA = YES;
				CLANG_WARN_NON_LITERAL_NULL_CONVERSION = YES;
				CLANG_WARN_OBJC_LITERAL_CONVERSION = YES;
				CLANG_WARN_RANGE_LOOP_ANALYSIS = YES;
				CLANG_WARN_STRICT_PROTOTYPES = YES;
				CLANG_WARN_UNGUARDED_AVAILABILITY = YES_AGGRESSIVE;
				CODE_SIGN_ENTITLEMENTS = WLMacComic/WLMacComic.entitlements;
				CODE_SIGN_IDENTITY = "-";
				CODE_SIGN_STYLE = Automatic;
				COMBINE_HIDPI_IMAGES = YES;
				DEVELOPMENT_TEAM = "";
				GCC_C_LANGUAGE_STANDARD = gnu11;
				INFOPLIST_FILE = WLMacComic/Info.plist;
				LD_RUNPATH_SEARCH_PATHS = "$(inherited) @executable_path/../Frameworks";
				MACOSX_DEPLOYMENT_TARGET = 10.12;
				PRODUCT_BUNDLE_IDENTIFIER = com.webberlai.WLMacComic;
				PRODUCT_NAME = "$(TARGET_NAME)";
				SDKROOT = macosx;
				SWIFT_VERSION = 4.0;
			};
			name = Release;
		};
/* End XCBuildConfiguration section */

/* Begin XCConfigurationList section */
		6056EE151F28233F007BBE67 /* Build configuration list for PBXProject "WLComics" */ = {
			isa = XCConfigurationList;
			buildConfigurations = (
				6056EE2C1F28233F007BBE67 /* Debug */,
				6056EE2D1F28233F007BBE67 /* Release */,
			);
			defaultConfigurationIsVisible = 0;
			defaultConfigurationName = Release;
		};
		6056EE2E1F28233F007BBE67 /* Build configuration list for PBXNativeTarget "WLComics" */ = {
			isa = XCConfigurationList;
			buildConfigurations = (
				6056EE2F1F28233F007BBE67 /* Debug */,
				6056EE301F28233F007BBE67 /* Release */,
			);
			defaultConfigurationIsVisible = 0;
			defaultConfigurationName = Release;
		};
		60A561A51F82264B004C71C1 /* Build configuration list for PBXNativeTarget "WLMacComic" */ = {
			isa = XCConfigurationList;
			buildConfigurations = (
				60A561A61F82264B004C71C1 /* Debug */,
				60A561A71F82264B004C71C1 /* Release */,
			);
			defaultConfigurationIsVisible = 0;
			defaultConfigurationName = Release;
		};
/* End XCConfigurationList section */
	};
	rootObject = 6056EE121F28233F007BBE67 /* Project object */;
}
